{
  "originHash" : "a909f4f3f46c127931965120cc6b35c52f70f61f856f3e982132fc99df3d119b",
  "pins" : [
    {
      "identity" : "swift-money",
      "kind" : "remoteSourceControl",
      "location" : "https://github.com/connor-ricks/swift-money",
      "state" : {
        "revision" : "4a50b5000a4f0e13668e1f9e7611f1cca75d1711",
        "version" : "0.2.2"
      }
    }
  ],
  "version" : 3
}
