{
  "originHash" : "def619323b0f43d10c86b0a29b0854e62fa526e8ea400a1b87f9a70afa9b65c4",
  "pins" : [
    {
      "identity" : "swift-money",
      "kind" : "remoteSourceControl",
      "location" : "https://github.com/caiovsouza48/swift-money",
      "state" : {
        "branch" : "main",
        "revision" : "94af03cb53e0cedb53234d654fde94e98191dc9f"
      }
    }
  ],
  "version" : 3
}
